
Microsoft Visual Studio Solution File, Format Version 11.00
# Visual Studio 2010
Project("{8BC9CEB8-8B4A-11D0-8D11-00A0C91BC942}") = "Serrano_Ex11_Prob2", "Serrano_Ex11_Prob2\Serrano_Ex11_Prob2.vcxproj", "{A4392194-D47C-4D4C-8A7E-C5E23E05D584}"
EndProject
Global
	GlobalSection(SolutionConfigurationPlatforms) = preSolution
		Debug|Win32 = Debug|Win32
		Release|Win32 = Release|Win32
	EndGlobalSection
	GlobalSection(ProjectConfigurationPlatforms) = postSolution
		{A4392194-D47C-4D4C-8A7E-C5E23E05D584}.Debug|Win32.ActiveCfg = Debug|Win32
		{A4392194-D47C-4D4C-8A7E-C5E23E05D584}.Debug|Win32.Build.0 = Debug|Win32
		{A4392194-D47C-4D4C-8A7E-C5E23E05D584}.Release|Win32.ActiveCfg = Release|Win32
		{A4392194-D47C-4D4C-8A7E-C5E23E05D584}.Release|Win32.Build.0 = Release|Win32
	EndGlobalSection
	GlobalSection(SolutionProperties) = preSolution
		HideSolutionNode = FALSE
	EndGlobalSection
EndGlobal
